{
  "name": "EnergyMonitor_UF14",
  "lockfileVersion": 3,
  "requires": true,
  "packages": {
    "": {
      "devDependencies": {
        "@rickdomasco/prettier-config": "^1.0.0",
        "prettier": "^3.9.9"
      }
    },
    "node_modules/@rickdomasco/prettier-config": {
      "version": "1.0.0",
      "resolved": "https://registry.npmjs.org/@rickdomasco/prettier-config/-/prettier-config-1.0.0.tgz",
      "integrity": "sha512-r4a4eiHSO3VxrNmgqEQWX/6WPLk6B36SfTnp22r/c6guiHQdpFBVyFdc5X0RDXqApE5MhG92U/wxjoYsGVEwKA==",
      "dev": true,
      "license": "MIT",
      "peerDependencies": {
        "prettier": ">=2.8.0"
      }
    },
    "node_modules/prettier": {
      "version": "3.9.9",
      "resolved": "https://registry.npmjs.org/prettier/-/prettier-3.9.9.tgz",
      "integrity": "sha512-Z/CJHIkdujO/OtN7nXUii0Rf3VT5SRuhjBA82Xvu2XhBUgX3nhP67T0LHceBdQLex7OOFGTox+Q5Yg8Jk2Qivg==",
      "dev": true,
      "license": "MIT",
      "peer": true,
      "bin": {
        "prettier": "bin/prettier.cjs"
      },
      "engines": {
        "node": ">=14"
      },
      "funding": {
        "url": "https://github.com/prettier/prettier?sponsor=1"
      }
    }
  }
}
